
Microsoft Visual Studio Solution File, Format Version 12.00
# Visual Studio 15
VisualStudioVersion = 15.0.28307.329
MinimumVisualStudioVersion = 10.0.40219.1
Project("{FAE04EC0-301F-11D3-BF4B-00C04F79EFBC}") = "IdentityServer", "IdentityServer\IdentityServer.csproj", "{5A1167C6-08AD-4861-AA6A-E961970E5080}"
EndProject
Project("{FAE04EC0-301F-11D3-BF4B-00C04F79EFBC}") = "WebApi", "WebApi\WebApi.csproj", "{76FF9C1F-DB92-4CDA-B2E4-E1388C5D2216}"
EndProject
Global
	GlobalSection(SolutionConfigurationPlatforms) = preSolution
		Debug|Any CPU = Debug|Any CPU
		Release|Any CPU = Release|Any CPU
	EndGlobalSection
	GlobalSection(ProjectConfigurationPlatforms) = postSolution
		{5A1167C6-08AD-4861-AA6A-E961970E5080}.Debug|Any CPU.ActiveCfg = Debug|Any CPU
		{5A1167C6-08AD-4861-AA6A-E961970E5080}.Debug|Any CPU.Build.0 = Debug|Any CPU
		{5A1167C6-08AD-4861-AA6A-E961970E5080}.Release|Any CPU.ActiveCfg = Release|Any CPU
		{5A1167C6-08AD-4861-AA6A-E961970E5080}.Release|Any CPU.Build.0 = Release|Any CPU
		{76FF9C1F-DB92-4CDA-B2E4-E1388C5D2216}.Debug|Any CPU.ActiveCfg = Debug|Any CPU
		{76FF9C1F-DB92-4CDA-B2E4-E1388C5D2216}.Debug|Any CPU.Build.0 = Debug|Any CPU
		{76FF9C1F-DB92-4CDA-B2E4-E1388C5D2216}.Release|Any CPU.ActiveCfg = Release|Any CPU
		{76FF9C1F-DB92-4CDA-B2E4-E1388C5D2216}.Release|Any CPU.Build.0 = Release|Any CPU
	EndGlobalSection
	GlobalSection(SolutionProperties) = preSolution
		HideSolutionNode = FALSE
	EndGlobalSection
	GlobalSection(ExtensibilityGlobals) = postSolution
		SolutionGuid = {F600859D-0FA0-4C4E-AC82-F602C4187F3F}
	EndGlobalSection
EndGlobal
